
Microsoft Visual Studio Solution File, Format Version 12.00
# Visual Studio Version 17
VisualStudioVersion = 17.11.35312.102
MinimumVisualStudioVersion = 10.0.40219.1
Project("{FAE04EC0-301F-11D3-BF4B-00C04F79EFBC}") = "AdventOfCode", "AdventOfCode.csproj", "{6B6E910D-A0B5-4C24-9A33-234A48FF79C1}"
EndProject
Global
	GlobalSection(SolutionConfigurationPlatforms) = preSolution
		Debug|Any CPU = Debug|Any CPU
		Release|Any CPU = Release|Any CPU
	EndGlobalSection
	GlobalSection(ProjectConfigurationPlatforms) = postSolution
		{6B6E910D-A0B5-4C24-9A33-234A48FF79C1}.Debug|Any CPU.ActiveCfg = Debug|Any CPU
		{6B6E910D-A0B5-4C24-9A33-234A48FF79C1}.Debug|Any CPU.Build.0 = Debug|Any CPU
		{6B6E910D-A0B5-4C24-9A33-234A48FF79C1}.Release|Any CPU.ActiveCfg = Release|Any CPU
		{6B6E910D-A0B5-4C24-9A33-234A48FF79C1}.Release|Any CPU.Build.0 = Release|Any CPU
	EndGlobalSection
	GlobalSection(SolutionProperties) = preSolution
		HideSolutionNode = FALSE
	EndGlobalSection
	GlobalSection(ExtensibilityGlobals) = postSolution
		SolutionGuid = {33182735-87AF-44B7-BB86-8767C08C9C42}
	EndGlobalSection
EndGlobal
